<?xml version="1.0" encoding="utf-8"?>
<Project ToolsVersion="4.0" xmlns="http://schemas.microsoft.com/developer/msbuild/2003">
  <ItemGroup>
    <Filter Include="src">
      <UniqueIdentifier>{4FC737F1-C7A5-4376-A066-2A32D752A2FF}</UniqueIdentifier>
      <Extensions>h;hh;hpp;hxx;hm;inl;inc;xsd;cpp;c;cc;cxx;def;odl;idl;hpj;bat;asm;asmx</Extensions>
    </Filter>
    <Filter Include="src\basic">
      <UniqueIdentifier>{4263f881-43d4-49fa-a27a-88ebdc8dcbd3}</UniqueIdentifier>
    </Filter>
    <Filter Include="src\basic\msvc">
      <UniqueIdentifier>{0b8f7dce-f7be-4cd5-9eb1-cb552a1a9c16}</UniqueIdentifier>
    </Filter>
    <Filter Include="src\type_traits">
      <UniqueIdentifier>{d115fdbc-9451-47af-9cbe-7725110cec72}</UniqueIdentifier>
    </Filter>
    <Filter Include="src\test">
      <UniqueIdentifier>{bbd348c4-eba0-444e-9587-81da89c3d8af}</UniqueIdentifier>
    </Filter>
    <Filter Include="src\hash">
      <UniqueIdentifier>{394c5962-33f5-4d83-bb77-7a2fb0a2c5da}</UniqueIdentifier>
    </Filter>
    <Filter Include="src\support">
      <UniqueIdentifier>{98989749-b7c6-4888-b9cf-bf9822813837}</UniqueIdentifier>
    </Filter>
    <Filter Include="src\string">
      <UniqueIdentifier>{40f152d7-2c96-4b7a-a9b6-82a4f555fd80}</UniqueIdentifier>
    </Filter>
    <Filter Include="src\memory">
      <UniqueIdentifier>{e74b6445-df09-4290-b6c5-37c56cf4d80f}</UniqueIdentifier>
    </Filter>
    <Filter Include="src\system">
      <UniqueIdentifier>{1e5f5c08-7c8f-4baa-be15-4dd9beba0b02}</UniqueIdentifier>
    </Filter>
    <Filter Include="src\internal">
      <UniqueIdentifier>{6048d50e-f6bc-4f3a-a154-1be93acbb10f}</UniqueIdentifier>
    </Filter>
    <Filter Include="src\config">
      <UniqueIdentifier>{e2c3ae77-c9ad-4573-8ce8-80200ce3153e}</UniqueIdentifier>
    </Filter>
    <Filter Include="src\config\win32">
      <UniqueIdentifier>{3e2006da-1ba5-4086-8d39-a0db2595eabd}</UniqueIdentifier>
    </Filter>
    <Filter Include="src\config\linux">
      <UniqueIdentifier>{46ba2aa8-e407-4625-89d4-fa68f04cd9a4}</UniqueIdentifier>
    </Filter>
    <Filter Include="src\config\macos">
      <UniqueIdentifier>{80ffec52-d30d-4a50-9de7-235da995b983}</UniqueIdentifier>
    </Filter>
    <Filter Include="src\config\default">
      <UniqueIdentifier>{b6752136-5c14-4067-933d-c7799dc11006}</UniqueIdentifier>
    </Filter>
  </ItemGroup>
  <ItemGroup>
    <ClInclude Include="..\..\..\..\src\main\jstd\basic\compiler.h">
      <Filter>src\basic</Filter>
    </ClInclude>
    <ClInclude Include="..\..\..\..\src\main\jstd\basic\inttypes.h">
      <Filter>src\basic</Filter>
    </ClInclude>
    <ClInclude Include="..\..\..\..\src\main\jstd\basic\platform.h">
      <Filter>src\basic</Filter>
    </ClInclude>
    <ClInclude Include="..\..\..\..\src\main\jstd\basic\stddef.h">
      <Filter>src\basic</Filter>
    </ClInclude>
    <ClInclude Include="..\..\..\..\src\main\jstd\basic\stdint.h">
      <Filter>src\basic</Filter>
    </ClInclude>
    <ClInclude Include="..\..\..\..\src\main\jstd\basic\stdsize.h">
      <Filter>src\basic</Filter>
    </ClInclude>
    <ClInclude Include="..\..\..\..\src\main\jstd\basic\msvc\inttypes.h">
      <Filter>src\basic\msvc</Filter>
    </ClInclude>
    <ClInclude Include="..\..\..\..\src\main\jstd\basic\msvc\stdbool.h">
      <Filter>src\basic\msvc</Filter>
    </ClInclude>
    <ClInclude Include="..\..\..\..\src\main\jstd\basic\msvc\stdint.h">
      <Filter>src\basic\msvc</Filter>
    </ClInclude>
    <ClInclude Include="..\..\..\..\src\main\jstd\lib.h">
      <Filter>src</Filter>
    </ClInclude>
    <ClInclude Include="..\..\..\..\src\main\jstd\all.h">
      <Filter>src</Filter>
    </ClInclude>
    <ClInclude Include="..\..\..\..\src\main\jstd\xutility.h">
      <Filter>src</Filter>
    </ClInclude>
    <ClInclude Include="..\..\..\..\src\main\jstd\type_traits.h">
      <Filter>src</Filter>
    </ClInclude>
    <ClInclude Include="..\..\..\..\src\main\jstd\iterator.h">
      <Filter>src</Filter>
    </ClInclude>
    <ClInclude Include="..\..\..\..\src\main\jstd\hash\dictionary.h">
      <Filter>src\hash</Filter>
    </ClInclude>
    <ClInclude Include="..\..\..\..\src\main\jstd\nothrow_deleter.h">
      <Filter>src</Filter>
    </ClInclude>
    <ClInclude Include="..\..\..\..\src\main\jstd\nothrow_new.h">
      <Filter>src</Filter>
    </ClInclude>
    <ClInclude Include="..\..\..\..\src\main\jstd\hash\crc32c.h">
      <Filter>src\hash</Filter>
    </ClInclude>
    <ClInclude Include="..\..\..\..\src\main\jstd\hash\hash.h">
      <Filter>src\hash</Filter>
    </ClInclude>
    <ClInclude Include="..\..\..\..\src\main\jstd\hash\hash_helper.h">
      <Filter>src\hash</Filter>
    </ClInclude>
    <ClInclude Include="..\..\..\..\src\main\jstd\hash\dictionary_traits.h">
      <Filter>src\hash</Filter>
    </ClInclude>
    <ClInclude Include="..\..\..\..\src\main\jstd\support\bitscan_forward.h">
      <Filter>src\support</Filter>
    </ClInclude>
    <ClInclude Include="..\..\..\..\src\main\jstd\support\bitscan_reverse.h">
      <Filter>src\support</Filter>
    </ClInclude>
    <ClInclude Include="..\..\..\..\src\main\jstd\support\popcnt.h">
      <Filter>src\support</Filter>
    </ClInclude>
    <ClInclude Include="..\..\..\..\src\main\jstd\support\Power2.h">
      <Filter>src\support</Filter>
    </ClInclude>
    <ClInclude Include="..\..\..\..\src\main\jstd\support\PowerOf2.h">
      <Filter>src\support</Filter>
    </ClInclude>
    <ClInclude Include="..\..\..\..\src\main\jstd\support\SSEHelper.h">
      <Filter>src\support</Filter>
    </ClInclude>
    <ClInclude Include="..\..\..\..\src\main\jstd\string\string_utils.h">
      <Filter>src\string</Filter>
    </ClInclude>
    <ClInclude Include="..\..\..\..\src\main\jstd\string\char_traits.h">
      <Filter>src\string</Filter>
    </ClInclude>
    <ClInclude Include="..\..\..\..\src\main\jstd\hash\dictionary_v1.h">
      <Filter>src\hash</Filter>
    </ClInclude>
    <ClInclude Include="..\..\..\..\src\main\jstd\hash\hash_table.h">
      <Filter>src\hash</Filter>
    </ClInclude>
    <ClInclude Include="..\..\..\..\src\main\jstd\string\string_iterator.h">
      <Filter>src\string</Filter>
    </ClInclude>
    <ClInclude Include="..\..\..\..\src\main\jstd\allocator.h">
      <Filter>src</Filter>
    </ClInclude>
    <ClInclude Include="..\..\..\..\src\main\jstd\memory\onetime_ptr.h">
      <Filter>src\memory</Filter>
    </ClInclude>
    <ClInclude Include="..\..\..\..\src\main\jstd\hash\dictionary_v2.h">
      <Filter>src\hash</Filter>
    </ClInclude>
    <ClInclude Include="..\..\..\..\src\main\jstd\basic\unistd.h">
      <Filter>src\basic</Filter>
    </ClInclude>
    <ClInclude Include="..\..\..\..\src\main\jstd\string\string_view.h">
      <Filter>src\string</Filter>
    </ClInclude>
    <ClInclude Include="..\..\..\..\src\main\jstd\string\string_traits.h">
      <Filter>src\string</Filter>
    </ClInclude>
    <ClInclude Include="..\..\..\..\src\main\jstd\string\string_libc.h">
      <Filter>src\string</Filter>
    </ClInclude>
    <ClInclude Include="..\..\..\..\src\main\jstd\string\string_stl.h">
      <Filter>src\string</Filter>
    </ClInclude>
    <ClInclude Include="..\..\..\..\src\main\jstd\string\string_helper.h">
      <Filter>src\string</Filter>
    </ClInclude>
    <ClInclude Include="..\..\..\..\src\main\jstd\string\string_def.h">
      <Filter>src\string</Filter>
    </ClInclude>
    <ClInclude Include="..\..\..\..\src\main\jstd\hash\equal_to.h">
      <Filter>src\hash</Filter>
    </ClInclude>
    <ClInclude Include="..\..\..\..\src\main\jstd\hash\key_extractor.h">
      <Filter>src\hash</Filter>
    </ClInclude>
    <ClInclude Include="..\..\..\..\src\main\jstd\hash\hash_iterator.inc">
      <Filter>src\hash</Filter>
    </ClInclude>
    <ClInclude Include="..\..\..\..\src\main\jstd\test\StopWatch.h">
      <Filter>src\test</Filter>
    </ClInclude>
    <ClInclude Include="..\..\..\..\src\main\jstd\test\StopWatch_v1.h">
      <Filter>src\test</Filter>
    </ClInclude>
    <ClInclude Include="..\..\..\..\src\main\jstd\test\CPUWarmUp.h">
      <Filter>src\test</Filter>
    </ClInclude>
    <ClInclude Include="..\..\..\..\src\main\jstd\system\Console.h">
      <Filter>src\system</Filter>
    </ClInclude>
    <ClInclude Include="..\..\..\..\src\main\jstd\internal\Copyable.h">
      <Filter>src\internal</Filter>
    </ClInclude>
    <ClInclude Include="..\..\..\..\src\main\jstd\internal\NonAssignable.h">
      <Filter>src\internal</Filter>
    </ClInclude>
    <ClInclude Include="..\..\..\..\src\main\jstd\internal\NonCopyable.h">
      <Filter>src\internal</Filter>
    </ClInclude>
    <ClInclude Include="..\..\..\..\src\main\jstd\config\config.h">
      <Filter>src\config</Filter>
    </ClInclude>
    <ClInclude Include="..\..\..\..\src\main\jstd\system\crtdbg_env.h">
      <Filter>src\system</Filter>
    </ClInclude>
    <ClInclude Include="..\..\..\..\src\main\jstd\system\getchar.h">
      <Filter>src\system</Filter>
    </ClInclude>
    <ClInclude Include="..\..\..\..\src\main\jstd\system\sleep.h">
      <Filter>src\system</Filter>
    </ClInclude>
    <ClInclude Include="..\..\..\..\src\main\jstd\basic\vld.h">
      <Filter>src\basic</Filter>
    </ClInclude>
    <ClInclude Include="..\..\..\..\src\main\jstd\config\config_arch.h">
      <Filter>src\config</Filter>
    </ClInclude>
    <ClInclude Include="..\..\..\..\src\main\jstd\config\config_pre.h">
      <Filter>src\config</Filter>
    </ClInclude>
    <ClInclude Include="..\..\..\..\src\main\jstd\config\win32\config.h">
      <Filter>src\config\win32</Filter>
    </ClInclude>
    <ClInclude Include="..\..\..\..\src\main\jstd\config\default\config.h">
      <Filter>src\config\default</Filter>
    </ClInclude>
    <ClInclude Include="..\..\..\..\src\main\jstd\config\linux\config.h">
      <Filter>src\config\linux</Filter>
    </ClInclude>
    <ClInclude Include="..\..\..\..\src\main\jstd\config\macos\config.h">
      <Filter>src\config\macos</Filter>
    </ClInclude>
    <ClInclude Include="..\..\..\..\src\main\jstd\config\config_post.h">
      <Filter>src\config</Filter>
    </ClInclude>
    <ClInclude Include="..\..\..\..\src\main\jstd\basic\assert.h">
      <Filter>src\basic</Filter>
    </ClInclude>
    <ClInclude Include="..\..\..\..\src\main\jstd\basic\export.h">
      <Filter>src\basic</Filter>
    </ClInclude>
    <ClInclude Include="..\..\..\..\src\main\jstd\test\ProcessMemInfo.h">
      <Filter>src\test</Filter>
    </ClInclude>
  </ItemGroup>
  <ItemGroup>
    <ClCompile Include="..\..\..\..\src\main\jstd\lib.cpp">
      <Filter>src</Filter>
    </ClCompile>
    <ClCompile Include="..\..\..\..\src\main\jstd\system\crtdbg_env.c">
      <Filter>src\system</Filter>
    </ClCompile>
    <ClCompile Include="..\..\..\..\src\main\jstd\system\getchar.c">
      <Filter>src\system</Filter>
    </ClCompile>
    <ClCompile Include="..\..\..\..\src\main\jstd\system\sleep.c">
      <Filter>src\system</Filter>
    </ClCompile>
    <ClCompile Include="..\..\..\..\src\main\jstd\basic\assert-c.c">
      <Filter>src\basic</Filter>
    </ClCompile>
  </ItemGroup>
</Project>